
Microsoft Visual Studio Solution File, Format Version 12.00
# Visual Studio Version 16
VisualStudioVersion = 16.0.32228.343
MinimumVisualStudioVersion = 10.0.40219.1
Project("{2150E333-8FDC-42A3-9474-1A3956D46DE8}") = "src", "src", "{E07DF0BE-14CD-4633-8299-29ACC89FC591}"
EndProject
Project("{9A19103F-16F7-4668-BE54-9A1E7A4F7556}") = "WebApi", "src\Upstack.Fab.Apu\WebApi.csproj", "{BDCF2837-43DD-485C-AD5C-74B3E5296184}"
EndProject
Project("{9A19103F-16F7-4668-BE54-9A1E7A4F7556}") = "Application", "src\Application\Application.csproj", "{C8DDBF95-87FD-4002-ADFA-0E6B6EC17586}"
EndProject
Project("{9A19103F-16F7-4668-BE54-9A1E7A4F7556}") = "Domain", "src\Domain\Domain.csproj", "{B7A9B40B-11F7-4160-9232-8F2EBB0D8554}"
EndProject
Project("{9A19103F-16F7-4668-BE54-9A1E7A4F7556}") = "Infrastructure", "src\Infrastructure\Infrastructure.csproj", "{9E2B8DB1-BCFA-4A50-A7CC-53E66E0DB16F}"
EndProject
Project("{2150E333-8FDC-42A3-9474-1A3956D46DE8}") = "test", "test", "{B58D34D2-ED24-4BC9-B408-313DCFEAE51D}"
EndProject
Project("{2150E333-8FDC-42A3-9474-1A3956D46DE8}") = "Solution Items", "Solution Items", "{539B0D72-C884-4962-97D5-414D6DD2CDB5}"
	ProjectSection(SolutionItems) = preProject
		.gitignore = .gitignore
	EndProjectSection
EndProject
Project("{9A19103F-16F7-4668-BE54-9A1E7A4F7556}") = "UnitTest", "UnitTest\UnitTest.csproj", "{1D6C14B0-0AC4-48FC-8F3C-C72C73983475}"
EndProject
Global
	GlobalSection(SolutionConfigurationPlatforms) = preSolution
		Debug|Any CPU = Debug|Any CPU
		Release|Any CPU = Release|Any CPU
	EndGlobalSection
	GlobalSection(ProjectConfigurationPlatforms) = postSolution
		{BDCF2837-43DD-485C-AD5C-74B3E5296184}.Debug|Any CPU.ActiveCfg = Debug|Any CPU
		{BDCF2837-43DD-485C-AD5C-74B3E5296184}.Debug|Any CPU.Build.0 = Debug|Any CPU
		{BDCF2837-43DD-485C-AD5C-74B3E5296184}.Release|Any CPU.ActiveCfg = Release|Any CPU
		{BDCF2837-43DD-485C-AD5C-74B3E5296184}.Release|Any CPU.Build.0 = Release|Any CPU
		{C8DDBF95-87FD-4002-ADFA-0E6B6EC17586}.Debug|Any CPU.ActiveCfg = Debug|Any CPU
		{C8DDBF95-87FD-4002-ADFA-0E6B6EC17586}.Debug|Any CPU.Build.0 = Debug|Any CPU
		{C8DDBF95-87FD-4002-ADFA-0E6B6EC17586}.Release|Any CPU.ActiveCfg = Release|Any CPU
		{C8DDBF95-87FD-4002-ADFA-0E6B6EC17586}.Release|Any CPU.Build.0 = Release|Any CPU
		{B7A9B40B-11F7-4160-9232-8F2EBB0D8554}.Debug|Any CPU.ActiveCfg = Debug|Any CPU
		{B7A9B40B-11F7-4160-9232-8F2EBB0D8554}.Debug|Any CPU.Build.0 = Debug|Any CPU
		{B7A9B40B-11F7-4160-9232-8F2EBB0D8554}.Release|Any CPU.ActiveCfg = Release|Any CPU
		{B7A9B40B-11F7-4160-9232-8F2EBB0D8554}.Release|Any CPU.Build.0 = Release|Any CPU
		{9E2B8DB1-BCFA-4A50-A7CC-53E66E0DB16F}.Debug|Any CPU.ActiveCfg = Debug|Any CPU
		{9E2B8DB1-BCFA-4A50-A7CC-53E66E0DB16F}.Debug|Any CPU.Build.0 = Debug|Any CPU
		{9E2B8DB1-BCFA-4A50-A7CC-53E66E0DB16F}.Release|Any CPU.ActiveCfg = Release|Any CPU
		{9E2B8DB1-BCFA-4A50-A7CC-53E66E0DB16F}.Release|Any CPU.Build.0 = Release|Any CPU
		{1D6C14B0-0AC4-48FC-8F3C-C72C73983475}.Debug|Any CPU.ActiveCfg = Debug|Any CPU
		{1D6C14B0-0AC4-48FC-8F3C-C72C73983475}.Debug|Any CPU.Build.0 = Debug|Any CPU
		{1D6C14B0-0AC4-48FC-8F3C-C72C73983475}.Release|Any CPU.ActiveCfg = Release|Any CPU
		{1D6C14B0-0AC4-48FC-8F3C-C72C73983475}.Release|Any CPU.Build.0 = Release|Any CPU
	EndGlobalSection
	GlobalSection(SolutionProperties) = preSolution
		HideSolutionNode = FALSE
	EndGlobalSection
	GlobalSection(NestedProjects) = preSolution
		{BDCF2837-43DD-485C-AD5C-74B3E5296184} = {E07DF0BE-14CD-4633-8299-29ACC89FC591}
		{C8DDBF95-87FD-4002-ADFA-0E6B6EC17586} = {E07DF0BE-14CD-4633-8299-29ACC89FC591}
		{B7A9B40B-11F7-4160-9232-8F2EBB0D8554} = {E07DF0BE-14CD-4633-8299-29ACC89FC591}
		{9E2B8DB1-BCFA-4A50-A7CC-53E66E0DB16F} = {E07DF0BE-14CD-4633-8299-29ACC89FC591}
		{1D6C14B0-0AC4-48FC-8F3C-C72C73983475} = {B58D34D2-ED24-4BC9-B408-313DCFEAE51D}
	EndGlobalSection
	GlobalSection(ExtensibilityGlobals) = postSolution
		SolutionGuid = {775CB293-7548-4345-AD21-D4DE55D1BD13}
	EndGlobalSection
EndGlobal
